
Microsoft Visual Studio Solution File, Format Version 12.00
# Visual Studio Version 17
VisualStudioVersion = 17.5.33530.505
MinimumVisualStudioVersion = 10.0.40219.1
Project("{9A19103F-16F7-4668-BE54-9A1E7A4F7556}") = "USTITAPI", "USTIT\USTITAPI.csproj", "{2958478B-2596-41F5-B8BA-740D95B27A7F}"
EndProject
Project("{FAE04EC0-301F-11D3-BF4B-00C04F79EFBC}") = "USTITWEB", "USTITWEB\USTITWEB.csproj", "{7C7335DD-2C45-42BC-AA20-BFA36F15515B}"
EndProject
Project("{FAE04EC0-301F-11D3-BF4B-00C04F79EFBC}") = "USTITUtility", "USTITUtility\USTITUtility.csproj", "{F55287D3-6D9B-49BA-92C1-692E0B5F88D5}"
EndProject
Global
	GlobalSection(SolutionConfigurationPlatforms) = preSolution
		Debug|Any CPU = Debug|Any CPU
		Release|Any CPU = Release|Any CPU
	EndGlobalSection
	GlobalSection(ProjectConfigurationPlatforms) = postSolution
		{2958478B-2596-41F5-B8BA-740D95B27A7F}.Debug|Any CPU.ActiveCfg = Debug|Any CPU
		{2958478B-2596-41F5-B8BA-740D95B27A7F}.Debug|Any CPU.Build.0 = Debug|Any CPU
		{2958478B-2596-41F5-B8BA-740D95B27A7F}.Release|Any CPU.ActiveCfg = Release|Any CPU
		{2958478B-2596-41F5-B8BA-740D95B27A7F}.Release|Any CPU.Build.0 = Release|Any CPU
		{7C7335DD-2C45-42BC-AA20-BFA36F15515B}.Debug|Any CPU.ActiveCfg = Debug|Any CPU
		{7C7335DD-2C45-42BC-AA20-BFA36F15515B}.Debug|Any CPU.Build.0 = Debug|Any CPU
		{7C7335DD-2C45-42BC-AA20-BFA36F15515B}.Release|Any CPU.ActiveCfg = Release|Any CPU
		{7C7335DD-2C45-42BC-AA20-BFA36F15515B}.Release|Any CPU.Build.0 = Release|Any CPU
		{F55287D3-6D9B-49BA-92C1-692E0B5F88D5}.Debug|Any CPU.ActiveCfg = Debug|Any CPU
		{F55287D3-6D9B-49BA-92C1-692E0B5F88D5}.Debug|Any CPU.Build.0 = Debug|Any CPU
		{F55287D3-6D9B-49BA-92C1-692E0B5F88D5}.Release|Any CPU.ActiveCfg = Release|Any CPU
		{F55287D3-6D9B-49BA-92C1-692E0B5F88D5}.Release|Any CPU.Build.0 = Release|Any CPU
	EndGlobalSection
	GlobalSection(SolutionProperties) = preSolution
		HideSolutionNode = FALSE
	EndGlobalSection
	GlobalSection(ExtensibilityGlobals) = postSolution
		SolutionGuid = {FDDD9A2C-1E25-4557-9289-7C4E7182548F}
	EndGlobalSection
EndGlobal
